
Microsoft Visual Studio Solution File, Format Version 12.00
# Visual Studio 14
VisualStudioVersion = 14.0.23107.0
MinimumVisualStudioVersion = 10.0.40219.1
Project("{FAE04EC0-301F-11D3-BF4B-00C04F79EFBC}") = "BusinessLogic", "BusinessLogic\BusinessLogic.csproj", "{E6CA6F6A-15B5-4022-A2AE-603DEF54E1C4}"
EndProject
Project("{FAE04EC0-301F-11D3-BF4B-00C04F79EFBC}") = "RestService", "RestService\RestService.csproj", "{B28CED53-E0CF-4A99-A382-279935FF5802}"
EndProject
Project("{FAE04EC0-301F-11D3-BF4B-00C04F79EFBC}") = "Model", "Model\Model.csproj", "{ABE992F0-2650-41A7-952D-148D15CE2D78}"
EndProject
Global
	GlobalSection(SolutionConfigurationPlatforms) = preSolution
		Debug|Any CPU = Debug|Any CPU
		Release|Any CPU = Release|Any CPU
	EndGlobalSection
	GlobalSection(ProjectConfigurationPlatforms) = postSolution
		{E6CA6F6A-15B5-4022-A2AE-603DEF54E1C4}.Debug|Any CPU.ActiveCfg = Debug|Any CPU
		{E6CA6F6A-15B5-4022-A2AE-603DEF54E1C4}.Debug|Any CPU.Build.0 = Debug|Any CPU
		{E6CA6F6A-15B5-4022-A2AE-603DEF54E1C4}.Release|Any CPU.ActiveCfg = Release|Any CPU
		{E6CA6F6A-15B5-4022-A2AE-603DEF54E1C4}.Release|Any CPU.Build.0 = Release|Any CPU
		{B28CED53-E0CF-4A99-A382-279935FF5802}.Debug|Any CPU.ActiveCfg = Debug|Any CPU
		{B28CED53-E0CF-4A99-A382-279935FF5802}.Debug|Any CPU.Build.0 = Debug|Any CPU
		{B28CED53-E0CF-4A99-A382-279935FF5802}.Release|Any CPU.ActiveCfg = Release|Any CPU
		{B28CED53-E0CF-4A99-A382-279935FF5802}.Release|Any CPU.Build.0 = Release|Any CPU
		{ABE992F0-2650-41A7-952D-148D15CE2D78}.Debug|Any CPU.ActiveCfg = Debug|Any CPU
		{ABE992F0-2650-41A7-952D-148D15CE2D78}.Debug|Any CPU.Build.0 = Debug|Any CPU
		{ABE992F0-2650-41A7-952D-148D15CE2D78}.Release|Any CPU.ActiveCfg = Release|Any CPU
		{ABE992F0-2650-41A7-952D-148D15CE2D78}.Release|Any CPU.Build.0 = Release|Any CPU
	EndGlobalSection
	GlobalSection(SolutionProperties) = preSolution
		HideSolutionNode = FALSE
	EndGlobalSection
EndGlobal
